
Microsoft Visual Studio Solution File, Format Version 12.00
# Visual Studio 15
VisualStudioVersion = 15.0.28010.2019
MinimumVisualStudioVersion = 10.0.40219.1
Project("{FAE04EC0-301F-11D3-BF4B-00C04F79EFBC}") = "SLOCK", "SLOCK\SLOCK.csproj", "{00136964-0198-4E3D-9272-BAAF89D2ABCC}"
EndProject
Global
	GlobalSection(SolutionConfigurationPlatforms) = preSolution
		Debug|Any CPU = Debug|Any CPU
		Release|Any CPU = Release|Any CPU
	EndGlobalSection
	GlobalSection(ProjectConfigurationPlatforms) = postSolution
		{00136964-0198-4E3D-9272-BAAF89D2ABCC}.Debug|Any CPU.ActiveCfg = Debug|Any CPU
		{00136964-0198-4E3D-9272-BAAF89D2ABCC}.Debug|Any CPU.Build.0 = Debug|Any CPU
		{00136964-0198-4E3D-9272-BAAF89D2ABCC}.Release|Any CPU.ActiveCfg = Release|Any CPU
		{00136964-0198-4E3D-9272-BAAF89D2ABCC}.Release|Any CPU.Build.0 = Release|Any CPU
	EndGlobalSection
	GlobalSection(SolutionProperties) = preSolution
		HideSolutionNode = FALSE
	EndGlobalSection
	GlobalSection(ExtensibilityGlobals) = postSolution
		SolutionGuid = {2BE371B9-A50C-4C5A-91FC-8A3E80623CC4}
	EndGlobalSection
EndGlobal
